
Microsoft Visual Studio Solution File, Format Version 12.00
# Visual Studio Version 16
VisualStudioVersion = 16.0.30523.141
MinimumVisualStudioVersion = 10.0.40219.1
Project("{FAE04EC0-301F-11D3-BF4B-00C04F79EFBC}") = "CoinJar", "CoinJar\CoinJar.csproj", "{B62444DA-5930-48F5-B2DC-E703BE464302}"
EndProject
Project("{FAE04EC0-301F-11D3-BF4B-00C04F79EFBC}") = "CoinJar.Test", "CoinJar.Test\CoinJar.Test.csproj", "{6182BC25-89E5-4778-A80C-B902F9F4D595}"
EndProject
Global
	GlobalSection(SolutionConfigurationPlatforms) = preSolution
		Debug|Any CPU = Debug|Any CPU
		Release|Any CPU = Release|Any CPU
	EndGlobalSection
	GlobalSection(ProjectConfigurationPlatforms) = postSolution
		{B62444DA-5930-48F5-B2DC-E703BE464302}.Debug|Any CPU.ActiveCfg = Debug|Any CPU
		{B62444DA-5930-48F5-B2DC-E703BE464302}.Debug|Any CPU.Build.0 = Debug|Any CPU
		{B62444DA-5930-48F5-B2DC-E703BE464302}.Release|Any CPU.ActiveCfg = Release|Any CPU
		{B62444DA-5930-48F5-B2DC-E703BE464302}.Release|Any CPU.Build.0 = Release|Any CPU
		{6182BC25-89E5-4778-A80C-B902F9F4D595}.Debug|Any CPU.ActiveCfg = Debug|Any CPU
		{6182BC25-89E5-4778-A80C-B902F9F4D595}.Debug|Any CPU.Build.0 = Debug|Any CPU
		{6182BC25-89E5-4778-A80C-B902F9F4D595}.Release|Any CPU.ActiveCfg = Release|Any CPU
		{6182BC25-89E5-4778-A80C-B902F9F4D595}.Release|Any CPU.Build.0 = Release|Any CPU
	EndGlobalSection
	GlobalSection(SolutionProperties) = preSolution
		HideSolutionNode = FALSE
	EndGlobalSection
	GlobalSection(ExtensibilityGlobals) = postSolution
		SolutionGuid = {FBEE2EBC-790F-4C77-80C3-1348A930B546}
	EndGlobalSection
EndGlobal
